
Microsoft Visual Studio Solution File, Format Version 12.00
# Visual Studio Version 16
VisualStudioVersion = 16.0.31424.327
MinimumVisualStudioVersion = 10.0.40219.1
Project("{2150E333-8FDC-42A3-9474-1A3956D46DE8}") = "Challenge1", "Challenge1", "{95F19FD4-E6A9-4CCA-BD27-53BB2B0DC561}"
EndProject
Project("{2150E333-8FDC-42A3-9474-1A3956D46DE8}") = "Challenge2", "Challenge2", "{EB7FA5ED-0B43-4CAF-959E-55A0889FB72B}"
EndProject
Project("{2150E333-8FDC-42A3-9474-1A3956D46DE8}") = "Challenge3", "Challenge3", "{F315A619-29E6-41B4-9DE1-C3C31AA7E102}"
EndProject
Project("{FAE04EC0-301F-11D3-BF4B-00C04F79EFBC}") = "Meal.UI", "Meal.UI\Meal.UI.csproj", "{61F63DF0-CD88-45F3-85DF-ACF2C2097FA2}"
EndProject
Project("{FAE04EC0-301F-11D3-BF4B-00C04F79EFBC}") = "Claims.UI", "Claims.UI\Claims.UI.csproj", "{B375624C-FED6-4B63-BA72-10FAC8DF7093}"
EndProject
Project("{FAE04EC0-301F-11D3-BF4B-00C04F79EFBC}") = "Badge.UI", "Badge.UI\Badge.UI.csproj", "{99504836-4592-4EAF-8011-0933BBC6909A}"
EndProject
Project("{FAE04EC0-301F-11D3-BF4B-00C04F79EFBC}") = "MealUnitTest", "MealUnitTest\MealUnitTest.csproj", "{70B43264-34FC-4510-A5D6-2D40D918A15C}"
EndProject
Project("{FAE04EC0-301F-11D3-BF4B-00C04F79EFBC}") = "ClaimsUnitTest", "ClaimsUnitTest\ClaimsUnitTest.csproj", "{219CBD01-8399-4482-9549-3CAFF50A5644}"
EndProject
Project("{FAE04EC0-301F-11D3-BF4B-00C04F79EFBC}") = "BadgeUnitTest", "BadgeUnitTest\BadgeUnitTest.csproj", "{FBCB1EE5-457B-484F-916F-6CB90B6BDB4A}"
EndProject
Project("{FAE04EC0-301F-11D3-BF4B-00C04F79EFBC}") = "MealClass.POCO", "MenuItemPOCO\MealClass.POCO.csproj", "{0E1269BC-5621-431F-AF40-E66212940196}"
EndProject
Project("{FAE04EC0-301F-11D3-BF4B-00C04F79EFBC}") = "MealClass.Repo", "MenuItemRepo\MealClass.Repo.csproj", "{2FBC75FC-DA50-472D-B307-4762913F809A}"
EndProject
Project("{FAE04EC0-301F-11D3-BF4B-00C04F79EFBC}") = "ClaimsClass.POCO", "ClaimsPOCO\ClaimsClass.POCO.csproj", "{3D59F1D2-9A59-4F10-A12F-FE157FB05F91}"
EndProject
Project("{FAE04EC0-301F-11D3-BF4B-00C04F79EFBC}") = "ClaimsClass.Repo", "ClaimsRepo\ClaimsClass.Repo.csproj", "{37701676-60F3-4161-A519-A95FEBA9D75E}"
EndProject
Project("{FAE04EC0-301F-11D3-BF4B-00C04F79EFBC}") = "BadgeClass.POCO", "BadgePOCO\BadgeClass.POCO.csproj", "{392722FE-846F-4FD1-86B9-38DF614384DC}"
EndProject
Project("{FAE04EC0-301F-11D3-BF4B-00C04F79EFBC}") = "BadgeClass.Repo", "BadgeRepo\BadgeClass.Repo.csproj", "{76E27910-AE0D-4242-B2FA-9797B7FFB6F3}"
EndProject
Global
	GlobalSection(SolutionConfigurationPlatforms) = preSolution
		Debug|Any CPU = Debug|Any CPU
		Release|Any CPU = Release|Any CPU
	EndGlobalSection
	GlobalSection(ProjectConfigurationPlatforms) = postSolution
		{61F63DF0-CD88-45F3-85DF-ACF2C2097FA2}.Debug|Any CPU.ActiveCfg = Debug|Any CPU
		{61F63DF0-CD88-45F3-85DF-ACF2C2097FA2}.Debug|Any CPU.Build.0 = Debug|Any CPU
		{61F63DF0-CD88-45F3-85DF-ACF2C2097FA2}.Release|Any CPU.ActiveCfg = Release|Any CPU
		{61F63DF0-CD88-45F3-85DF-ACF2C2097FA2}.Release|Any CPU.Build.0 = Release|Any CPU
		{B375624C-FED6-4B63-BA72-10FAC8DF7093}.Debug|Any CPU.ActiveCfg = Debug|Any CPU
		{B375624C-FED6-4B63-BA72-10FAC8DF7093}.Debug|Any CPU.Build.0 = Debug|Any CPU
		{B375624C-FED6-4B63-BA72-10FAC8DF7093}.Release|Any CPU.ActiveCfg = Release|Any CPU
		{B375624C-FED6-4B63-BA72-10FAC8DF7093}.Release|Any CPU.Build.0 = Release|Any CPU
		{99504836-4592-4EAF-8011-0933BBC6909A}.Debug|Any CPU.ActiveCfg = Debug|Any CPU
		{99504836-4592-4EAF-8011-0933BBC6909A}.Debug|Any CPU.Build.0 = Debug|Any CPU
		{99504836-4592-4EAF-8011-0933BBC6909A}.Release|Any CPU.ActiveCfg = Release|Any CPU
		{99504836-4592-4EAF-8011-0933BBC6909A}.Release|Any CPU.Build.0 = Release|Any CPU
		{70B43264-34FC-4510-A5D6-2D40D918A15C}.Debug|Any CPU.ActiveCfg = Debug|Any CPU
		{70B43264-34FC-4510-A5D6-2D40D918A15C}.Debug|Any CPU.Build.0 = Debug|Any CPU
		{70B43264-34FC-4510-A5D6-2D40D918A15C}.Release|Any CPU.ActiveCfg = Release|Any CPU
		{70B43264-34FC-4510-A5D6-2D40D918A15C}.Release|Any CPU.Build.0 = Release|Any CPU
		{219CBD01-8399-4482-9549-3CAFF50A5644}.Debug|Any CPU.ActiveCfg = Debug|Any CPU
		{219CBD01-8399-4482-9549-3CAFF50A5644}.Debug|Any CPU.Build.0 = Debug|Any CPU
		{219CBD01-8399-4482-9549-3CAFF50A5644}.Release|Any CPU.ActiveCfg = Release|Any CPU
		{219CBD01-8399-4482-9549-3CAFF50A5644}.Release|Any CPU.Build.0 = Release|Any CPU
		{FBCB1EE5-457B-484F-916F-6CB90B6BDB4A}.Debug|Any CPU.ActiveCfg = Debug|Any CPU
		{FBCB1EE5-457B-484F-916F-6CB90B6BDB4A}.Debug|Any CPU.Build.0 = Debug|Any CPU
		{FBCB1EE5-457B-484F-916F-6CB90B6BDB4A}.Release|Any CPU.ActiveCfg = Release|Any CPU
		{FBCB1EE5-457B-484F-916F-6CB90B6BDB4A}.Release|Any CPU.Build.0 = Release|Any CPU
		{0E1269BC-5621-431F-AF40-E66212940196}.Debug|Any CPU.ActiveCfg = Debug|Any CPU
		{0E1269BC-5621-431F-AF40-E66212940196}.Debug|Any CPU.Build.0 = Debug|Any CPU
		{0E1269BC-5621-431F-AF40-E66212940196}.Release|Any CPU.ActiveCfg = Release|Any CPU
		{0E1269BC-5621-431F-AF40-E66212940196}.Release|Any CPU.Build.0 = Release|Any CPU
		{2FBC75FC-DA50-472D-B307-4762913F809A}.Debug|Any CPU.ActiveCfg = Debug|Any CPU
		{2FBC75FC-DA50-472D-B307-4762913F809A}.Debug|Any CPU.Build.0 = Debug|Any CPU
		{2FBC75FC-DA50-472D-B307-4762913F809A}.Release|Any CPU.ActiveCfg = Release|Any CPU
		{2FBC75FC-DA50-472D-B307-4762913F809A}.Release|Any CPU.Build.0 = Release|Any CPU
		{3D59F1D2-9A59-4F10-A12F-FE157FB05F91}.Debug|Any CPU.ActiveCfg = Debug|Any CPU
		{3D59F1D2-9A59-4F10-A12F-FE157FB05F91}.Debug|Any CPU.Build.0 = Debug|Any CPU
		{3D59F1D2-9A59-4F10-A12F-FE157FB05F91}.Release|Any CPU.ActiveCfg = Release|Any CPU
		{3D59F1D2-9A59-4F10-A12F-FE157FB05F91}.Release|Any CPU.Build.0 = Release|Any CPU
		{37701676-60F3-4161-A519-A95FEBA9D75E}.Debug|Any CPU.ActiveCfg = Debug|Any CPU
		{37701676-60F3-4161-A519-A95FEBA9D75E}.Debug|Any CPU.Build.0 = Debug|Any CPU
		{37701676-60F3-4161-A519-A95FEBA9D75E}.Release|Any CPU.ActiveCfg = Release|Any CPU
		{37701676-60F3-4161-A519-A95FEBA9D75E}.Release|Any CPU.Build.0 = Release|Any CPU
		{392722FE-846F-4FD1-86B9-38DF614384DC}.Debug|Any CPU.ActiveCfg = Debug|Any CPU
		{392722FE-846F-4FD1-86B9-38DF614384DC}.Debug|Any CPU.Build.0 = Debug|Any CPU
		{392722FE-846F-4FD1-86B9-38DF614384DC}.Release|Any CPU.ActiveCfg = Release|Any CPU
		{392722FE-846F-4FD1-86B9-38DF614384DC}.Release|Any CPU.Build.0 = Release|Any CPU
		{76E27910-AE0D-4242-B2FA-9797B7FFB6F3}.Debug|Any CPU.ActiveCfg = Debug|Any CPU
		{76E27910-AE0D-4242-B2FA-9797B7FFB6F3}.Debug|Any CPU.Build.0 = Debug|Any CPU
		{76E27910-AE0D-4242-B2FA-9797B7FFB6F3}.Release|Any CPU.ActiveCfg = Release|Any CPU
		{76E27910-AE0D-4242-B2FA-9797B7FFB6F3}.Release|Any CPU.Build.0 = Release|Any CPU
	EndGlobalSection
	GlobalSection(SolutionProperties) = preSolution
		HideSolutionNode = FALSE
	EndGlobalSection
	GlobalSection(NestedProjects) = preSolution
		{61F63DF0-CD88-45F3-85DF-ACF2C2097FA2} = {95F19FD4-E6A9-4CCA-BD27-53BB2B0DC561}
		{B375624C-FED6-4B63-BA72-10FAC8DF7093} = {EB7FA5ED-0B43-4CAF-959E-55A0889FB72B}
		{99504836-4592-4EAF-8011-0933BBC6909A} = {F315A619-29E6-41B4-9DE1-C3C31AA7E102}
		{70B43264-34FC-4510-A5D6-2D40D918A15C} = {95F19FD4-E6A9-4CCA-BD27-53BB2B0DC561}
		{219CBD01-8399-4482-9549-3CAFF50A5644} = {EB7FA5ED-0B43-4CAF-959E-55A0889FB72B}
		{FBCB1EE5-457B-484F-916F-6CB90B6BDB4A} = {F315A619-29E6-41B4-9DE1-C3C31AA7E102}
		{0E1269BC-5621-431F-AF40-E66212940196} = {95F19FD4-E6A9-4CCA-BD27-53BB2B0DC561}
		{2FBC75FC-DA50-472D-B307-4762913F809A} = {95F19FD4-E6A9-4CCA-BD27-53BB2B0DC561}
		{3D59F1D2-9A59-4F10-A12F-FE157FB05F91} = {EB7FA5ED-0B43-4CAF-959E-55A0889FB72B}
		{37701676-60F3-4161-A519-A95FEBA9D75E} = {EB7FA5ED-0B43-4CAF-959E-55A0889FB72B}
		{392722FE-846F-4FD1-86B9-38DF614384DC} = {F315A619-29E6-41B4-9DE1-C3C31AA7E102}
		{76E27910-AE0D-4242-B2FA-9797B7FFB6F3} = {F315A619-29E6-41B4-9DE1-C3C31AA7E102}
	EndGlobalSection
	GlobalSection(ExtensibilityGlobals) = postSolution
		SolutionGuid = {6239E87D-046E-48AE-A324-8BF48148BDFE}
	EndGlobalSection
EndGlobal
